
Microsoft Visual Studio Solution File, Format Version 12.00
# Visual Studio 14
VisualStudioVersion = 14.0.25123.0
MinimumVisualStudioVersion = 10.0.40219.1
Project("{FAE04EC0-301F-11D3-BF4B-00C04F79EFBC}") = "DioLive.Xna.Controls", "DioLive.Xna.Controls\DioLive.Xna.Controls.csproj", "{D513493A-579F-413D-B48B-E24A6AE312A8}"
EndProject
Project("{FAE04EC0-301F-11D3-BF4B-00C04F79EFBC}") = "DioLive.Xna.Interfaces", "DioLive.Xna.Interfaces\DioLive.Xna.Interfaces.csproj", "{EBFB878C-49D8-4D72-87D5-07EDCF42A2BA}"
EndProject
Global
	GlobalSection(SolutionConfigurationPlatforms) = preSolution
		Debug|Any CPU = Debug|Any CPU
		Debug|x86 = Debug|x86
		Release|Any CPU = Release|Any CPU
		Release|x86 = Release|x86
	EndGlobalSection
	GlobalSection(ProjectConfigurationPlatforms) = postSolution
		{D513493A-579F-413D-B48B-E24A6AE312A8}.Debug|Any CPU.ActiveCfg = Debug|x86
		{D513493A-579F-413D-B48B-E24A6AE312A8}.Debug|x86.ActiveCfg = Debug|x86
		{D513493A-579F-413D-B48B-E24A6AE312A8}.Debug|x86.Build.0 = Debug|x86
		{D513493A-579F-413D-B48B-E24A6AE312A8}.Release|Any CPU.ActiveCfg = Release|x86
		{D513493A-579F-413D-B48B-E24A6AE312A8}.Release|x86.ActiveCfg = Release|x86
		{D513493A-579F-413D-B48B-E24A6AE312A8}.Release|x86.Build.0 = Release|x86
		{EBFB878C-49D8-4D72-87D5-07EDCF42A2BA}.Debug|Any CPU.ActiveCfg = Debug|Any CPU
		{EBFB878C-49D8-4D72-87D5-07EDCF42A2BA}.Debug|Any CPU.Build.0 = Debug|Any CPU
		{EBFB878C-49D8-4D72-87D5-07EDCF42A2BA}.Debug|x86.ActiveCfg = Debug|Any CPU
		{EBFB878C-49D8-4D72-87D5-07EDCF42A2BA}.Debug|x86.Build.0 = Debug|Any CPU
		{EBFB878C-49D8-4D72-87D5-07EDCF42A2BA}.Release|Any CPU.ActiveCfg = Release|Any CPU
		{EBFB878C-49D8-4D72-87D5-07EDCF42A2BA}.Release|Any CPU.Build.0 = Release|Any CPU
		{EBFB878C-49D8-4D72-87D5-07EDCF42A2BA}.Release|x86.ActiveCfg = Release|Any CPU
		{EBFB878C-49D8-4D72-87D5-07EDCF42A2BA}.Release|x86.Build.0 = Release|Any CPU
	EndGlobalSection
	GlobalSection(SolutionProperties) = preSolution
		HideSolutionNode = FALSE
	EndGlobalSection
EndGlobal
